
Microsoft Visual Studio Solution File, Format Version 12.00
# Visual Studio Version 17
VisualStudioVersion = 17.9.34622.214
MinimumVisualStudioVersion = 10.0.40219.1
Project("{9A19103F-16F7-4668-BE54-9A1E7A4F7556}") = "Exe201_backend", "Exe201_backend.csproj", "{F5B1AD01-64D9-4471-8873-4A23E2B8AB06}"
EndProject
Project("{FAE04EC0-301F-11D3-BF4B-00C04F79EFBC}") = "Service", "..\Service\Service.csproj", "{51A01D09-2411-4C9C-A9CA-5E4DFF1FDCA2}"
EndProject
Global
	GlobalSection(SolutionConfigurationPlatforms) = preSolution
		Debug|Any CPU = Debug|Any CPU
		Release|Any CPU = Release|Any CPU
	EndGlobalSection
	GlobalSection(ProjectConfigurationPlatforms) = postSolution
		{F5B1AD01-64D9-4471-8873-4A23E2B8AB06}.Debug|Any CPU.ActiveCfg = Debug|Any CPU
		{F5B1AD01-64D9-4471-8873-4A23E2B8AB06}.Debug|Any CPU.Build.0 = Debug|Any CPU
		{F5B1AD01-64D9-4471-8873-4A23E2B8AB06}.Release|Any CPU.ActiveCfg = Release|Any CPU
		{F5B1AD01-64D9-4471-8873-4A23E2B8AB06}.Release|Any CPU.Build.0 = Release|Any CPU
		{51A01D09-2411-4C9C-A9CA-5E4DFF1FDCA2}.Debug|Any CPU.ActiveCfg = Debug|Any CPU
		{51A01D09-2411-4C9C-A9CA-5E4DFF1FDCA2}.Debug|Any CPU.Build.0 = Debug|Any CPU
		{51A01D09-2411-4C9C-A9CA-5E4DFF1FDCA2}.Release|Any CPU.ActiveCfg = Release|Any CPU
		{51A01D09-2411-4C9C-A9CA-5E4DFF1FDCA2}.Release|Any CPU.Build.0 = Release|Any CPU
	EndGlobalSection
	GlobalSection(SolutionProperties) = preSolution
		HideSolutionNode = FALSE
	EndGlobalSection
	GlobalSection(ExtensibilityGlobals) = postSolution
		SolutionGuid = {B5FF6CC1-20EE-488A-8813-091F84946D95}
	EndGlobalSection
EndGlobal
